
Microsoft Visual Studio Solution File, Format Version 12.00
# Visual Studio Version 16
VisualStudioVersion = 16.0.31402.337
MinimumVisualStudioVersion = 10.0.40219.1
Project("{9A19103F-16F7-4668-BE54-9A1E7A4F7556}") = "MetX.Standard.Generators.Samples.Client", "MetX.Standard.Generators.Samples.Client\MetX.Standard.Generators.Samples.Client.csproj", "{CFEEC455-CCE8-4D93-AAC6-4277E8AF3A29}"
EndProject
Global
	GlobalSection(SolutionConfigurationPlatforms) = preSolution
		Debug|Any CPU = Debug|Any CPU
		Release|Any CPU = Release|Any CPU
	EndGlobalSection
	GlobalSection(ProjectConfigurationPlatforms) = postSolution
		{CFEEC455-CCE8-4D93-AAC6-4277E8AF3A29}.Debug|Any CPU.ActiveCfg = Debug|Any CPU
		{CFEEC455-CCE8-4D93-AAC6-4277E8AF3A29}.Debug|Any CPU.Build.0 = Debug|Any CPU
		{CFEEC455-CCE8-4D93-AAC6-4277E8AF3A29}.Release|Any CPU.ActiveCfg = Release|Any CPU
		{CFEEC455-CCE8-4D93-AAC6-4277E8AF3A29}.Release|Any CPU.Build.0 = Release|Any CPU
	EndGlobalSection
	GlobalSection(SolutionProperties) = preSolution
		HideSolutionNode = FALSE
	EndGlobalSection
	GlobalSection(ExtensibilityGlobals) = postSolution
		SolutionGuid = {380D422B-2D8F-430F-8F21-F122FD06B605}
	EndGlobalSection
EndGlobal
