
Microsoft Visual Studio Solution File, Format Version 11.00
# Visual Studio 2010
Project("{2150E333-8FDC-42A3-9474-1A3956D46DE8}") = "Solution Items", "Solution Items", "{13E1113F-0A23-47AC-9D31-FAD9B743A644}"
	ProjectSection(SolutionItems) = preProject
		..\Support\AdventureWorks.xlgs = ..\Support\AdventureWorks.xlgs
		..\Support\CSharp DAL Project File.xlg.xsl = ..\Support\CSharp DAL Project File.xlg.xsl
		..\Support\CSharp DAL.xlg.xsl = ..\Support\CSharp DAL.xlg.xsl
		Local.testsettings = Local.testsettings
		..\Support\Simple ASPX Grid.xlg.xsl = ..\Support\Simple ASPX Grid.xlg.xsl
		..\Support\Simple File System.xlg.xsl = ..\Support\Simple File System.xlg.xsl
		..\Support\Simple Web Page.xlg.xsl = ..\Support\Simple Web Page.xlg.xsl
		TraceAndTestImpact.testsettings = TraceAndTestImpact.testsettings
		..\Support\Uber Indexing.xlg.xsl = ..\Support\Uber Indexing.xlg.xsl
		XLG and MetX.vsmdi = XLG and MetX.vsmdi
	EndProjectSection
EndProject
Project("{FAE04EC0-301F-11D3-BF4B-00C04F79EFBC}") = "MetX.Glove.Console", "MetX.Glove.Console\MetX.Glove.Console.csproj", "{8492F221-2DE1-4F46-9A1C-A451AA986313}"
EndProject
Project("{FAE04EC0-301F-11D3-BF4B-00C04F79EFBC}") = "MetX", "MetX\MetX.csproj", "{FF6EC6B3-5AA7-4CD6-B7C1-B4C2BCBE7051}"
EndProject
Project("{FAE04EC0-301F-11D3-BF4B-00C04F79EFBC}") = "MetX.Data.Factory.System_Data_SqlClient", "MetX.Data.Provider.System_Data_SqlClient\MetX.Data.Factory.System_Data_SqlClient.csproj", "{95A40D2C-3B75-49B8-BB1B-1A09D6A1CA99}"
EndProject
Project("{FAE04EC0-301F-11D3-BF4B-00C04F79EFBC}") = "MetX.Data.Factory.MetX_Gather_CommandLine", "MetX.Data.Factory.MetX_Gather_CommandLine\MetX.Data.Factory.MetX_Gather_CommandLine.csproj", "{660A775E-95FC-470C-B7C3-A94CA3E720DB}"
EndProject
Project("{FAE04EC0-301F-11D3-BF4B-00C04F79EFBC}") = "MetX.Data.Factory.MetX_Gather_PowerShell", "MetX.Data.Factory.MetX_Gather_PowerShell\MetX.Data.Factory.MetX_Gather_PowerShell.csproj", "{EB20510C-37AE-41D6-A33E-6FEA1EA7DF9F}"
EndProject
Project("{FAE04EC0-301F-11D3-BF4B-00C04F79EFBC}") = "MetX.Data.Factory.MetX_Gather_FileSystem", "MetX.Data.Factory.MetX_Gather_FileSystem\MetX.Data.Factory.MetX_Gather_FileSystem.csproj", "{A1888B4D-18C3-4D35-B746-83965069A30A}"
EndProject
Project("{FAE04EC0-301F-11D3-BF4B-00C04F79EFBC}") = "TestMetX", "TestMetX\TestMetX.csproj", "{43E35F6D-BCEF-483B-BEA3-2E68DBACCBA7}"
EndProject
Project("{FAE04EC0-301F-11D3-BF4B-00C04F79EFBC}") = "MetX.QuickScripts", "MetX.QuickScripts\MetX.QuickScripts.csproj", "{D554998C-4943-4167-8D2C-A7320A9E5A2F}"
EndProject
Project("{FAE04EC0-301F-11D3-BF4B-00C04F79EFBC}") = "MetX.Controls", "MetX.Controls\MetX.Controls.csproj", "{1E449E05-F155-4952-BF75-F8268E8695CF}"
EndProject
Project("{FAE04EC0-301F-11D3-BF4B-00C04F79EFBC}") = "Dragon.Breathes.Light", "..\..\dragon-breathes\Dragon.Breathes.Light\Dragon.Breathes.Light.csproj", "{346FFB47-D026-4BA8-A1B3-F7732FDB845F}"
EndProject
Global
	GlobalSection(TestCaseManagementSettings) = postSolution
		CategoryFile = XLG and MetX.vsmdi
	EndGlobalSection
	GlobalSection(SolutionConfigurationPlatforms) = preSolution
		Debug|Any CPU = Debug|Any CPU
		Debug|Mixed Platforms = Debug|Mixed Platforms
		Debug|x86 = Debug|x86
		Release|Any CPU = Release|Any CPU
		Release|Mixed Platforms = Release|Mixed Platforms
		Release|x86 = Release|x86
	EndGlobalSection
	GlobalSection(ProjectConfigurationPlatforms) = postSolution
		{8492F221-2DE1-4F46-9A1C-A451AA986313}.Debug|Any CPU.ActiveCfg = Debug|Any CPU
		{8492F221-2DE1-4F46-9A1C-A451AA986313}.Debug|Any CPU.Build.0 = Debug|Any CPU
		{8492F221-2DE1-4F46-9A1C-A451AA986313}.Debug|Mixed Platforms.ActiveCfg = Debug|Any CPU
		{8492F221-2DE1-4F46-9A1C-A451AA986313}.Debug|Mixed Platforms.Build.0 = Debug|Any CPU
		{8492F221-2DE1-4F46-9A1C-A451AA986313}.Debug|x86.ActiveCfg = Debug|Any CPU
		{8492F221-2DE1-4F46-9A1C-A451AA986313}.Release|Any CPU.ActiveCfg = Release|Any CPU
		{8492F221-2DE1-4F46-9A1C-A451AA986313}.Release|Any CPU.Build.0 = Release|Any CPU
		{8492F221-2DE1-4F46-9A1C-A451AA986313}.Release|Mixed Platforms.ActiveCfg = Release|Any CPU
		{8492F221-2DE1-4F46-9A1C-A451AA986313}.Release|Mixed Platforms.Build.0 = Release|Any CPU
		{8492F221-2DE1-4F46-9A1C-A451AA986313}.Release|x86.ActiveCfg = Release|Any CPU
		{FF6EC6B3-5AA7-4CD6-B7C1-B4C2BCBE7051}.Debug|Any CPU.ActiveCfg = Debug|Any CPU
		{FF6EC6B3-5AA7-4CD6-B7C1-B4C2BCBE7051}.Debug|Any CPU.Build.0 = Debug|Any CPU
		{FF6EC6B3-5AA7-4CD6-B7C1-B4C2BCBE7051}.Debug|Mixed Platforms.ActiveCfg = Debug|Any CPU
		{FF6EC6B3-5AA7-4CD6-B7C1-B4C2BCBE7051}.Debug|Mixed Platforms.Build.0 = Debug|Any CPU
		{FF6EC6B3-5AA7-4CD6-B7C1-B4C2BCBE7051}.Debug|x86.ActiveCfg = Debug|Any CPU
		{FF6EC6B3-5AA7-4CD6-B7C1-B4C2BCBE7051}.Release|Any CPU.ActiveCfg = Release|Any CPU
		{FF6EC6B3-5AA7-4CD6-B7C1-B4C2BCBE7051}.Release|Any CPU.Build.0 = Release|Any CPU
		{FF6EC6B3-5AA7-4CD6-B7C1-B4C2BCBE7051}.Release|Mixed Platforms.ActiveCfg = Release|Any CPU
		{FF6EC6B3-5AA7-4CD6-B7C1-B4C2BCBE7051}.Release|Mixed Platforms.Build.0 = Release|Any CPU
		{FF6EC6B3-5AA7-4CD6-B7C1-B4C2BCBE7051}.Release|x86.ActiveCfg = Release|Any CPU
		{95A40D2C-3B75-49B8-BB1B-1A09D6A1CA99}.Debug|Any CPU.ActiveCfg = Debug|Any CPU
		{95A40D2C-3B75-49B8-BB1B-1A09D6A1CA99}.Debug|Any CPU.Build.0 = Debug|Any CPU
		{95A40D2C-3B75-49B8-BB1B-1A09D6A1CA99}.Debug|Mixed Platforms.ActiveCfg = Debug|Any CPU
		{95A40D2C-3B75-49B8-BB1B-1A09D6A1CA99}.Debug|Mixed Platforms.Build.0 = Debug|Any CPU
		{95A40D2C-3B75-49B8-BB1B-1A09D6A1CA99}.Debug|x86.ActiveCfg = Debug|Any CPU
		{95A40D2C-3B75-49B8-BB1B-1A09D6A1CA99}.Release|Any CPU.ActiveCfg = Release|Any CPU
		{95A40D2C-3B75-49B8-BB1B-1A09D6A1CA99}.Release|Any CPU.Build.0 = Release|Any CPU
		{95A40D2C-3B75-49B8-BB1B-1A09D6A1CA99}.Release|Mixed Platforms.ActiveCfg = Release|Any CPU
		{95A40D2C-3B75-49B8-BB1B-1A09D6A1CA99}.Release|Mixed Platforms.Build.0 = Release|Any CPU
		{95A40D2C-3B75-49B8-BB1B-1A09D6A1CA99}.Release|x86.ActiveCfg = Release|Any CPU
		{660A775E-95FC-470C-B7C3-A94CA3E720DB}.Debug|Any CPU.ActiveCfg = Debug|Any CPU
		{660A775E-95FC-470C-B7C3-A94CA3E720DB}.Debug|Any CPU.Build.0 = Debug|Any CPU
		{660A775E-95FC-470C-B7C3-A94CA3E720DB}.Debug|Mixed Platforms.ActiveCfg = Debug|Any CPU
		{660A775E-95FC-470C-B7C3-A94CA3E720DB}.Debug|Mixed Platforms.Build.0 = Debug|Any CPU
		{660A775E-95FC-470C-B7C3-A94CA3E720DB}.Debug|x86.ActiveCfg = Debug|Any CPU
		{660A775E-95FC-470C-B7C3-A94CA3E720DB}.Release|Any CPU.ActiveCfg = Release|Any CPU
		{660A775E-95FC-470C-B7C3-A94CA3E720DB}.Release|Any CPU.Build.0 = Release|Any CPU
		{660A775E-95FC-470C-B7C3-A94CA3E720DB}.Release|Mixed Platforms.ActiveCfg = Release|Any CPU
		{660A775E-95FC-470C-B7C3-A94CA3E720DB}.Release|Mixed Platforms.Build.0 = Release|Any CPU
		{660A775E-95FC-470C-B7C3-A94CA3E720DB}.Release|x86.ActiveCfg = Release|Any CPU
		{EB20510C-37AE-41D6-A33E-6FEA1EA7DF9F}.Debug|Any CPU.ActiveCfg = Debug|Any CPU
		{EB20510C-37AE-41D6-A33E-6FEA1EA7DF9F}.Debug|Any CPU.Build.0 = Debug|Any CPU
		{EB20510C-37AE-41D6-A33E-6FEA1EA7DF9F}.Debug|Mixed Platforms.ActiveCfg = Debug|Any CPU
		{EB20510C-37AE-41D6-A33E-6FEA1EA7DF9F}.Debug|Mixed Platforms.Build.0 = Debug|Any CPU
		{EB20510C-37AE-41D6-A33E-6FEA1EA7DF9F}.Debug|x86.ActiveCfg = Debug|Any CPU
		{EB20510C-37AE-41D6-A33E-6FEA1EA7DF9F}.Release|Any CPU.ActiveCfg = Release|Any CPU
		{EB20510C-37AE-41D6-A33E-6FEA1EA7DF9F}.Release|Any CPU.Build.0 = Release|Any CPU
		{EB20510C-37AE-41D6-A33E-6FEA1EA7DF9F}.Release|Mixed Platforms.ActiveCfg = Release|Any CPU
		{EB20510C-37AE-41D6-A33E-6FEA1EA7DF9F}.Release|Mixed Platforms.Build.0 = Release|Any CPU
		{EB20510C-37AE-41D6-A33E-6FEA1EA7DF9F}.Release|x86.ActiveCfg = Release|Any CPU
		{A1888B4D-18C3-4D35-B746-83965069A30A}.Debug|Any CPU.ActiveCfg = Debug|Any CPU
		{A1888B4D-18C3-4D35-B746-83965069A30A}.Debug|Any CPU.Build.0 = Debug|Any CPU
		{A1888B4D-18C3-4D35-B746-83965069A30A}.Debug|Mixed Platforms.ActiveCfg = Debug|Any CPU
		{A1888B4D-18C3-4D35-B746-83965069A30A}.Debug|Mixed Platforms.Build.0 = Debug|Any CPU
		{A1888B4D-18C3-4D35-B746-83965069A30A}.Debug|x86.ActiveCfg = Debug|Any CPU
		{A1888B4D-18C3-4D35-B746-83965069A30A}.Release|Any CPU.ActiveCfg = Release|Any CPU
		{A1888B4D-18C3-4D35-B746-83965069A30A}.Release|Any CPU.Build.0 = Release|Any CPU
		{A1888B4D-18C3-4D35-B746-83965069A30A}.Release|Mixed Platforms.ActiveCfg = Release|Any CPU
		{A1888B4D-18C3-4D35-B746-83965069A30A}.Release|Mixed Platforms.Build.0 = Release|Any CPU
		{A1888B4D-18C3-4D35-B746-83965069A30A}.Release|x86.ActiveCfg = Release|Any CPU
		{43E35F6D-BCEF-483B-BEA3-2E68DBACCBA7}.Debug|Any CPU.ActiveCfg = Debug|Any CPU
		{43E35F6D-BCEF-483B-BEA3-2E68DBACCBA7}.Debug|Any CPU.Build.0 = Debug|Any CPU
		{43E35F6D-BCEF-483B-BEA3-2E68DBACCBA7}.Debug|Mixed Platforms.ActiveCfg = Debug|Any CPU
		{43E35F6D-BCEF-483B-BEA3-2E68DBACCBA7}.Debug|Mixed Platforms.Build.0 = Debug|Any CPU
		{43E35F6D-BCEF-483B-BEA3-2E68DBACCBA7}.Debug|x86.ActiveCfg = Debug|Any CPU
		{43E35F6D-BCEF-483B-BEA3-2E68DBACCBA7}.Release|Any CPU.ActiveCfg = Release|Any CPU
		{43E35F6D-BCEF-483B-BEA3-2E68DBACCBA7}.Release|Any CPU.Build.0 = Release|Any CPU
		{43E35F6D-BCEF-483B-BEA3-2E68DBACCBA7}.Release|Mixed Platforms.ActiveCfg = Release|Any CPU
		{43E35F6D-BCEF-483B-BEA3-2E68DBACCBA7}.Release|Mixed Platforms.Build.0 = Release|Any CPU
		{43E35F6D-BCEF-483B-BEA3-2E68DBACCBA7}.Release|x86.ActiveCfg = Release|Any CPU
		{D554998C-4943-4167-8D2C-A7320A9E5A2F}.Debug|Any CPU.ActiveCfg = Debug|Any CPU
		{D554998C-4943-4167-8D2C-A7320A9E5A2F}.Debug|Any CPU.Build.0 = Debug|Any CPU
		{D554998C-4943-4167-8D2C-A7320A9E5A2F}.Debug|Mixed Platforms.ActiveCfg = Debug|Any CPU
		{D554998C-4943-4167-8D2C-A7320A9E5A2F}.Debug|Mixed Platforms.Build.0 = Debug|Any CPU
		{D554998C-4943-4167-8D2C-A7320A9E5A2F}.Debug|x86.ActiveCfg = Debug|x86
		{D554998C-4943-4167-8D2C-A7320A9E5A2F}.Debug|x86.Build.0 = Debug|x86
		{D554998C-4943-4167-8D2C-A7320A9E5A2F}.Release|Any CPU.ActiveCfg = Release|Any CPU
		{D554998C-4943-4167-8D2C-A7320A9E5A2F}.Release|Any CPU.Build.0 = Release|Any CPU
		{D554998C-4943-4167-8D2C-A7320A9E5A2F}.Release|Mixed Platforms.ActiveCfg = Release|Any CPU
		{D554998C-4943-4167-8D2C-A7320A9E5A2F}.Release|Mixed Platforms.Build.0 = Release|Any CPU
		{D554998C-4943-4167-8D2C-A7320A9E5A2F}.Release|x86.ActiveCfg = Release|x86
		{D554998C-4943-4167-8D2C-A7320A9E5A2F}.Release|x86.Build.0 = Release|x86
		{1E449E05-F155-4952-BF75-F8268E8695CF}.Debug|Any CPU.ActiveCfg = Debug|Any CPU
		{1E449E05-F155-4952-BF75-F8268E8695CF}.Debug|Any CPU.Build.0 = Debug|Any CPU
		{1E449E05-F155-4952-BF75-F8268E8695CF}.Debug|Mixed Platforms.ActiveCfg = Debug|Any CPU
		{1E449E05-F155-4952-BF75-F8268E8695CF}.Debug|Mixed Platforms.Build.0 = Debug|Any CPU
		{1E449E05-F155-4952-BF75-F8268E8695CF}.Debug|x86.ActiveCfg = Debug|Any CPU
		{1E449E05-F155-4952-BF75-F8268E8695CF}.Release|Any CPU.ActiveCfg = Release|Any CPU
		{1E449E05-F155-4952-BF75-F8268E8695CF}.Release|Any CPU.Build.0 = Release|Any CPU
		{1E449E05-F155-4952-BF75-F8268E8695CF}.Release|Mixed Platforms.ActiveCfg = Release|Any CPU
		{1E449E05-F155-4952-BF75-F8268E8695CF}.Release|Mixed Platforms.Build.0 = Release|Any CPU
		{1E449E05-F155-4952-BF75-F8268E8695CF}.Release|x86.ActiveCfg = Release|Any CPU
		{346FFB47-D026-4BA8-A1B3-F7732FDB845F}.Debug|Any CPU.ActiveCfg = Debug|Any CPU
		{346FFB47-D026-4BA8-A1B3-F7732FDB845F}.Debug|Any CPU.Build.0 = Debug|Any CPU
		{346FFB47-D026-4BA8-A1B3-F7732FDB845F}.Debug|Mixed Platforms.ActiveCfg = Debug|x86
		{346FFB47-D026-4BA8-A1B3-F7732FDB845F}.Debug|Mixed Platforms.Build.0 = Debug|x86
		{346FFB47-D026-4BA8-A1B3-F7732FDB845F}.Debug|x86.ActiveCfg = Debug|x86
		{346FFB47-D026-4BA8-A1B3-F7732FDB845F}.Debug|x86.Build.0 = Debug|x86
		{346FFB47-D026-4BA8-A1B3-F7732FDB845F}.Release|Any CPU.ActiveCfg = Release|Any CPU
		{346FFB47-D026-4BA8-A1B3-F7732FDB845F}.Release|Any CPU.Build.0 = Release|Any CPU
		{346FFB47-D026-4BA8-A1B3-F7732FDB845F}.Release|Mixed Platforms.ActiveCfg = Release|x86
		{346FFB47-D026-4BA8-A1B3-F7732FDB845F}.Release|Mixed Platforms.Build.0 = Release|x86
		{346FFB47-D026-4BA8-A1B3-F7732FDB845F}.Release|x86.ActiveCfg = Release|x86
		{346FFB47-D026-4BA8-A1B3-F7732FDB845F}.Release|x86.Build.0 = Release|x86
	EndGlobalSection
	GlobalSection(SolutionProperties) = preSolution
		HideSolutionNode = FALSE
	EndGlobalSection
EndGlobal
