Microsoft Visual Studio Solution File, Format Version 12.00
# Visual Studio Version 16
VisualStudioVersion = 16.0.30011.22
MinimumVisualStudioVersion = 10.0.40219.1
Project("{2150E333-8FDC-42A3-9474-1A3956D46DE8}") = "Solution Items", "Solution Items", "{13E1113F-0A23-47AC-9D31-FAD9B743A644}"
	ProjectSection(SolutionItems) = preProject
		.editorconfig = .editorconfig
		..\Support\AdventureWorks.xlgs = ..\Support\AdventureWorks.xlgs
		..\Support\CSharp DAL Project File.xlg.xsl = ..\Support\CSharp DAL Project File.xlg.xsl
		..\Support\CSharp DAL.xlg.xsl = ..\Support\CSharp DAL.xlg.xsl
		..\Support\Simple ASPX Grid.xlg.xsl = ..\Support\Simple ASPX Grid.xlg.xsl
		..\Support\Simple File System.xlg.xsl = ..\Support\Simple File System.xlg.xsl
		..\Support\Simple Web Page.xlg.xsl = ..\Support\Simple Web Page.xlg.xsl
		..\Support\Uber Indexing.xlg.xsl = ..\Support\Uber Indexing.xlg.xsl
	EndProjectSection
EndProject
Project("{9A19103F-16F7-4668-BE54-9A1E7A4F7556}") = "MetX.Glove.Console", "MetX.Glove.Console\MetX.Glove.Console.csproj", "{8492F221-2DE1-4F46-9A1C-A451AA986313}"
EndProject
Project("{9A19103F-16F7-4668-BE54-9A1E7A4F7556}") = "MetX.QuickScripts", "MetX.QuickScripts\MetX.QuickScripts.csproj", "{D554998C-4943-4167-8D2C-A7320A9E5A2F}"
EndProject
Project("{9A19103F-16F7-4668-BE54-9A1E7A4F7556}") = "MetX.Controls", "MetX.Controls\MetX.Controls.csproj", "{1E449E05-F155-4952-BF75-F8268E8695CF}"
EndProject
Project("{9A19103F-16F7-4668-BE54-9A1E7A4F7556}") = "MetX.Techniques.Tests", "MetX.Techniques.Tests\MetX.Techniques.Tests.csproj", "{7D1582F4-534A-4607-989A-3A56759780A2}"
EndProject
Project("{9A19103F-16F7-4668-BE54-9A1E7A4F7556}") = "MetX.Tests", "MetX.Tests\MetX.Tests.csproj", "{94AAD871-7675-49F8-A42C-B8B1CE15F8DF}"
EndProject
Project("{9A19103F-16F7-4668-BE54-9A1E7A4F7556}") = "MetX.Standard", "MetX.Standard\MetX.Standard.csproj", "{DFB7CFA6-E8DF-43E7-9760-F3CEA36ED54F}"
EndProject
Project("{9A19103F-16F7-4668-BE54-9A1E7A4F7556}") = "MetX.Windows", "MetX.Windows\MetX.Windows.csproj", "{0F4912CC-39DB-4D7D-A788-C9DD949117F4}"
EndProject
Project("{9A19103F-16F7-4668-BE54-9A1E7A4F7556}") = "MetX.Standard.Aspects", "MetX.Standard.Aspects\MetX.Standard.Aspects.csproj", "{3624D670-0F13-493C-82FA-8F1D32CE8CA6}"
EndProject
Project("{9A19103F-16F7-4668-BE54-9A1E7A4F7556}") = "MetX.Standard.Generators", "MetX.Standard.Generators\MetX.Standard.Generators.csproj", "{4A7BD1CE-B425-43C2-A2C2-1F228D85465E}"
EndProject
Project("{9A19103F-16F7-4668-BE54-9A1E7A4F7556}") = "MetX.Standard.Generators.Samples.Client", "MetX.Standard.Generators.Samples.Client\MetX.Standard.Generators.Samples.Client.csproj", "{5D4A42F8-5874-450A-94CA-1A3390A077C1}"
EndProject
Global
	GlobalSection(SolutionConfigurationPlatforms) = preSolution
		Debug|Any CPU = Debug|Any CPU
		Debug|Mixed Platforms = Debug|Mixed Platforms
		Debug|x86 = Debug|x86
		Release|Any CPU = Release|Any CPU
		Release|Mixed Platforms = Release|Mixed Platforms
		Release|x86 = Release|x86
	EndGlobalSection
	GlobalSection(ProjectConfigurationPlatforms) = postSolution
		{8492F221-2DE1-4F46-9A1C-A451AA986313}.Debug|Any CPU.ActiveCfg = Debug|Any CPU
		{8492F221-2DE1-4F46-9A1C-A451AA986313}.Debug|Any CPU.Build.0 = Debug|Any CPU
		{8492F221-2DE1-4F46-9A1C-A451AA986313}.Debug|Mixed Platforms.ActiveCfg = Debug|Any CPU
		{8492F221-2DE1-4F46-9A1C-A451AA986313}.Debug|Mixed Platforms.Build.0 = Debug|Any CPU
		{8492F221-2DE1-4F46-9A1C-A451AA986313}.Debug|x86.ActiveCfg = Debug|Any CPU
		{8492F221-2DE1-4F46-9A1C-A451AA986313}.Release|Any CPU.ActiveCfg = Release|Any CPU
		{8492F221-2DE1-4F46-9A1C-A451AA986313}.Release|Any CPU.Build.0 = Release|Any CPU
		{8492F221-2DE1-4F46-9A1C-A451AA986313}.Release|Mixed Platforms.ActiveCfg = Release|Any CPU
		{8492F221-2DE1-4F46-9A1C-A451AA986313}.Release|Mixed Platforms.Build.0 = Release|Any CPU
		{8492F221-2DE1-4F46-9A1C-A451AA986313}.Release|x86.ActiveCfg = Release|Any CPU
		{D554998C-4943-4167-8D2C-A7320A9E5A2F}.Debug|Any CPU.ActiveCfg = Debug|Any CPU
		{D554998C-4943-4167-8D2C-A7320A9E5A2F}.Debug|Any CPU.Build.0 = Debug|Any CPU
		{D554998C-4943-4167-8D2C-A7320A9E5A2F}.Debug|Mixed Platforms.ActiveCfg = Debug|Any CPU
		{D554998C-4943-4167-8D2C-A7320A9E5A2F}.Debug|Mixed Platforms.Build.0 = Debug|Any CPU
		{D554998C-4943-4167-8D2C-A7320A9E5A2F}.Debug|x86.ActiveCfg = Debug|x86
		{D554998C-4943-4167-8D2C-A7320A9E5A2F}.Debug|x86.Build.0 = Debug|x86
		{D554998C-4943-4167-8D2C-A7320A9E5A2F}.Release|Any CPU.ActiveCfg = Release|Any CPU
		{D554998C-4943-4167-8D2C-A7320A9E5A2F}.Release|Any CPU.Build.0 = Release|Any CPU
		{D554998C-4943-4167-8D2C-A7320A9E5A2F}.Release|Mixed Platforms.ActiveCfg = Release|Any CPU
		{D554998C-4943-4167-8D2C-A7320A9E5A2F}.Release|Mixed Platforms.Build.0 = Release|Any CPU
		{D554998C-4943-4167-8D2C-A7320A9E5A2F}.Release|x86.ActiveCfg = Release|x86
		{D554998C-4943-4167-8D2C-A7320A9E5A2F}.Release|x86.Build.0 = Release|x86
		{1E449E05-F155-4952-BF75-F8268E8695CF}.Debug|Any CPU.ActiveCfg = Debug|Any CPU
		{1E449E05-F155-4952-BF75-F8268E8695CF}.Debug|Any CPU.Build.0 = Debug|Any CPU
		{1E449E05-F155-4952-BF75-F8268E8695CF}.Debug|Mixed Platforms.ActiveCfg = Debug|Any CPU
		{1E449E05-F155-4952-BF75-F8268E8695CF}.Debug|Mixed Platforms.Build.0 = Debug|Any CPU
		{1E449E05-F155-4952-BF75-F8268E8695CF}.Debug|x86.ActiveCfg = Debug|Any CPU
		{1E449E05-F155-4952-BF75-F8268E8695CF}.Release|Any CPU.ActiveCfg = Release|Any CPU
		{1E449E05-F155-4952-BF75-F8268E8695CF}.Release|Any CPU.Build.0 = Release|Any CPU
		{1E449E05-F155-4952-BF75-F8268E8695CF}.Release|Mixed Platforms.ActiveCfg = Release|Any CPU
		{1E449E05-F155-4952-BF75-F8268E8695CF}.Release|Mixed Platforms.Build.0 = Release|Any CPU
		{1E449E05-F155-4952-BF75-F8268E8695CF}.Release|x86.ActiveCfg = Release|Any CPU
		{7D1582F4-534A-4607-989A-3A56759780A2}.Debug|Any CPU.ActiveCfg = Debug|Any CPU
		{7D1582F4-534A-4607-989A-3A56759780A2}.Debug|Any CPU.Build.0 = Debug|Any CPU
		{7D1582F4-534A-4607-989A-3A56759780A2}.Debug|Mixed Platforms.ActiveCfg = Debug|Any CPU
		{7D1582F4-534A-4607-989A-3A56759780A2}.Debug|Mixed Platforms.Build.0 = Debug|Any CPU
		{7D1582F4-534A-4607-989A-3A56759780A2}.Debug|x86.ActiveCfg = Debug|Any CPU
		{7D1582F4-534A-4607-989A-3A56759780A2}.Release|Any CPU.ActiveCfg = Release|Any CPU
		{7D1582F4-534A-4607-989A-3A56759780A2}.Release|Any CPU.Build.0 = Release|Any CPU
		{7D1582F4-534A-4607-989A-3A56759780A2}.Release|Mixed Platforms.ActiveCfg = Release|Any CPU
		{7D1582F4-534A-4607-989A-3A56759780A2}.Release|Mixed Platforms.Build.0 = Release|Any CPU
		{7D1582F4-534A-4607-989A-3A56759780A2}.Release|x86.ActiveCfg = Release|Any CPU
		{94AAD871-7675-49F8-A42C-B8B1CE15F8DF}.Debug|Any CPU.ActiveCfg = Debug|Any CPU
		{94AAD871-7675-49F8-A42C-B8B1CE15F8DF}.Debug|Any CPU.Build.0 = Debug|Any CPU
		{94AAD871-7675-49F8-A42C-B8B1CE15F8DF}.Debug|Mixed Platforms.ActiveCfg = Debug|Any CPU
		{94AAD871-7675-49F8-A42C-B8B1CE15F8DF}.Debug|Mixed Platforms.Build.0 = Debug|Any CPU
		{94AAD871-7675-49F8-A42C-B8B1CE15F8DF}.Debug|x86.ActiveCfg = Debug|Any CPU
		{94AAD871-7675-49F8-A42C-B8B1CE15F8DF}.Debug|x86.Build.0 = Debug|Any CPU
		{94AAD871-7675-49F8-A42C-B8B1CE15F8DF}.Release|Any CPU.ActiveCfg = Release|Any CPU
		{94AAD871-7675-49F8-A42C-B8B1CE15F8DF}.Release|Any CPU.Build.0 = Release|Any CPU
		{94AAD871-7675-49F8-A42C-B8B1CE15F8DF}.Release|Mixed Platforms.ActiveCfg = Release|Any CPU
		{94AAD871-7675-49F8-A42C-B8B1CE15F8DF}.Release|Mixed Platforms.Build.0 = Release|Any CPU
		{94AAD871-7675-49F8-A42C-B8B1CE15F8DF}.Release|x86.ActiveCfg = Release|Any CPU
		{94AAD871-7675-49F8-A42C-B8B1CE15F8DF}.Release|x86.Build.0 = Release|Any CPU
		{DFB7CFA6-E8DF-43E7-9760-F3CEA36ED54F}.Debug|Any CPU.ActiveCfg = Debug|Any CPU
		{DFB7CFA6-E8DF-43E7-9760-F3CEA36ED54F}.Debug|Any CPU.Build.0 = Debug|Any CPU
		{DFB7CFA6-E8DF-43E7-9760-F3CEA36ED54F}.Debug|Mixed Platforms.ActiveCfg = Debug|Any CPU
		{DFB7CFA6-E8DF-43E7-9760-F3CEA36ED54F}.Debug|Mixed Platforms.Build.0 = Debug|Any CPU
		{DFB7CFA6-E8DF-43E7-9760-F3CEA36ED54F}.Debug|x86.ActiveCfg = Debug|Any CPU
		{DFB7CFA6-E8DF-43E7-9760-F3CEA36ED54F}.Debug|x86.Build.0 = Debug|Any CPU
		{DFB7CFA6-E8DF-43E7-9760-F3CEA36ED54F}.Release|Any CPU.ActiveCfg = Release|Any CPU
		{DFB7CFA6-E8DF-43E7-9760-F3CEA36ED54F}.Release|Any CPU.Build.0 = Release|Any CPU
		{DFB7CFA6-E8DF-43E7-9760-F3CEA36ED54F}.Release|Mixed Platforms.ActiveCfg = Release|Any CPU
		{DFB7CFA6-E8DF-43E7-9760-F3CEA36ED54F}.Release|Mixed Platforms.Build.0 = Release|Any CPU
		{DFB7CFA6-E8DF-43E7-9760-F3CEA36ED54F}.Release|x86.ActiveCfg = Release|Any CPU
		{DFB7CFA6-E8DF-43E7-9760-F3CEA36ED54F}.Release|x86.Build.0 = Release|Any CPU
		{0F4912CC-39DB-4D7D-A788-C9DD949117F4}.Debug|Any CPU.ActiveCfg = Debug|Any CPU
		{0F4912CC-39DB-4D7D-A788-C9DD949117F4}.Debug|Any CPU.Build.0 = Debug|Any CPU
		{0F4912CC-39DB-4D7D-A788-C9DD949117F4}.Debug|Mixed Platforms.ActiveCfg = Debug|Any CPU
		{0F4912CC-39DB-4D7D-A788-C9DD949117F4}.Debug|Mixed Platforms.Build.0 = Debug|Any CPU
		{0F4912CC-39DB-4D7D-A788-C9DD949117F4}.Debug|x86.ActiveCfg = Debug|Any CPU
		{0F4912CC-39DB-4D7D-A788-C9DD949117F4}.Debug|x86.Build.0 = Debug|Any CPU
		{0F4912CC-39DB-4D7D-A788-C9DD949117F4}.Release|Any CPU.ActiveCfg = Release|Any CPU
		{0F4912CC-39DB-4D7D-A788-C9DD949117F4}.Release|Any CPU.Build.0 = Release|Any CPU
		{0F4912CC-39DB-4D7D-A788-C9DD949117F4}.Release|Mixed Platforms.ActiveCfg = Release|Any CPU
		{0F4912CC-39DB-4D7D-A788-C9DD949117F4}.Release|Mixed Platforms.Build.0 = Release|Any CPU
		{0F4912CC-39DB-4D7D-A788-C9DD949117F4}.Release|x86.ActiveCfg = Release|Any CPU
		{0F4912CC-39DB-4D7D-A788-C9DD949117F4}.Release|x86.Build.0 = Release|Any CPU
		{3624D670-0F13-493C-82FA-8F1D32CE8CA6}.Debug|Any CPU.ActiveCfg = Debug|Any CPU
		{3624D670-0F13-493C-82FA-8F1D32CE8CA6}.Debug|Any CPU.Build.0 = Debug|Any CPU
		{3624D670-0F13-493C-82FA-8F1D32CE8CA6}.Debug|Mixed Platforms.ActiveCfg = Debug|Any CPU
		{3624D670-0F13-493C-82FA-8F1D32CE8CA6}.Debug|Mixed Platforms.Build.0 = Debug|Any CPU
		{3624D670-0F13-493C-82FA-8F1D32CE8CA6}.Debug|x86.ActiveCfg = Debug|Any CPU
		{3624D670-0F13-493C-82FA-8F1D32CE8CA6}.Debug|x86.Build.0 = Debug|Any CPU
		{3624D670-0F13-493C-82FA-8F1D32CE8CA6}.Release|Any CPU.ActiveCfg = Release|Any CPU
		{3624D670-0F13-493C-82FA-8F1D32CE8CA6}.Release|Any CPU.Build.0 = Release|Any CPU
		{3624D670-0F13-493C-82FA-8F1D32CE8CA6}.Release|Mixed Platforms.ActiveCfg = Release|Any CPU
		{3624D670-0F13-493C-82FA-8F1D32CE8CA6}.Release|Mixed Platforms.Build.0 = Release|Any CPU
		{3624D670-0F13-493C-82FA-8F1D32CE8CA6}.Release|x86.ActiveCfg = Release|Any CPU
		{3624D670-0F13-493C-82FA-8F1D32CE8CA6}.Release|x86.Build.0 = Release|Any CPU
		{4A7BD1CE-B425-43C2-A2C2-1F228D85465E}.Debug|Any CPU.ActiveCfg = Debug|Any CPU
		{4A7BD1CE-B425-43C2-A2C2-1F228D85465E}.Debug|Any CPU.Build.0 = Debug|Any CPU
		{4A7BD1CE-B425-43C2-A2C2-1F228D85465E}.Debug|Mixed Platforms.ActiveCfg = Debug|Any CPU
		{4A7BD1CE-B425-43C2-A2C2-1F228D85465E}.Debug|Mixed Platforms.Build.0 = Debug|Any CPU
		{4A7BD1CE-B425-43C2-A2C2-1F228D85465E}.Debug|x86.ActiveCfg = Debug|Any CPU
		{4A7BD1CE-B425-43C2-A2C2-1F228D85465E}.Debug|x86.Build.0 = Debug|Any CPU
		{4A7BD1CE-B425-43C2-A2C2-1F228D85465E}.Release|Any CPU.ActiveCfg = Release|Any CPU
		{4A7BD1CE-B425-43C2-A2C2-1F228D85465E}.Release|Any CPU.Build.0 = Release|Any CPU
		{4A7BD1CE-B425-43C2-A2C2-1F228D85465E}.Release|Mixed Platforms.ActiveCfg = Release|Any CPU
		{4A7BD1CE-B425-43C2-A2C2-1F228D85465E}.Release|Mixed Platforms.Build.0 = Release|Any CPU
		{4A7BD1CE-B425-43C2-A2C2-1F228D85465E}.Release|x86.ActiveCfg = Release|Any CPU
		{4A7BD1CE-B425-43C2-A2C2-1F228D85465E}.Release|x86.Build.0 = Release|Any CPU
		{5D4A42F8-5874-450A-94CA-1A3390A077C1}.Debug|Any CPU.ActiveCfg = Debug|Any CPU
		{5D4A42F8-5874-450A-94CA-1A3390A077C1}.Debug|Any CPU.Build.0 = Debug|Any CPU
		{5D4A42F8-5874-450A-94CA-1A3390A077C1}.Debug|Mixed Platforms.ActiveCfg = Debug|Any CPU
		{5D4A42F8-5874-450A-94CA-1A3390A077C1}.Debug|Mixed Platforms.Build.0 = Debug|Any CPU
		{5D4A42F8-5874-450A-94CA-1A3390A077C1}.Debug|x86.ActiveCfg = Debug|Any CPU
		{5D4A42F8-5874-450A-94CA-1A3390A077C1}.Debug|x86.Build.0 = Debug|Any CPU
		{5D4A42F8-5874-450A-94CA-1A3390A077C1}.Release|Any CPU.ActiveCfg = Release|Any CPU
		{5D4A42F8-5874-450A-94CA-1A3390A077C1}.Release|Any CPU.Build.0 = Release|Any CPU
		{5D4A42F8-5874-450A-94CA-1A3390A077C1}.Release|Mixed Platforms.ActiveCfg = Release|Any CPU
		{5D4A42F8-5874-450A-94CA-1A3390A077C1}.Release|Mixed Platforms.Build.0 = Release|Any CPU
		{5D4A42F8-5874-450A-94CA-1A3390A077C1}.Release|x86.ActiveCfg = Release|Any CPU
		{5D4A42F8-5874-450A-94CA-1A3390A077C1}.Release|x86.Build.0 = Release|Any CPU
	EndGlobalSection
	GlobalSection(SolutionProperties) = preSolution
		HideSolutionNode = FALSE
	EndGlobalSection
	GlobalSection(ExtensibilityGlobals) = postSolution
		SolutionGuid = {41A3E72D-320F-45B0-B977-4670D4930B3E}
	EndGlobalSection
	GlobalSection(TestCaseManagementSettings) = postSolution
		CategoryFile = XLG and MetX.vsmdi
	EndGlobalSection
EndGlobal
