
Microsoft Visual Studio Solution File, Format Version 12.00
# Visual Studio Version 17
VisualStudioVersion = 17.11.35431.28
MinimumVisualStudioVersion = 10.0.40219.1
Project("{FAE04EC0-301F-11D3-BF4B-00C04F79EFBC}") = "Roller001", "Roller001.csproj", "{2D79A3EB-A52E-4858-8867-3ABB17455E6F}"
EndProject
Global
	GlobalSection(SolutionConfigurationPlatforms) = preSolution
		Debug|Any CPU = Debug|Any CPU
		Release|Any CPU = Release|Any CPU
	EndGlobalSection
	GlobalSection(ProjectConfigurationPlatforms) = postSolution
		{2D79A3EB-A52E-4858-8867-3ABB17455E6F}.Debug|Any CPU.ActiveCfg = Debug|Any CPU
		{2D79A3EB-A52E-4858-8867-3ABB17455E6F}.Debug|Any CPU.Build.0 = Debug|Any CPU
		{2D79A3EB-A52E-4858-8867-3ABB17455E6F}.Release|Any CPU.ActiveCfg = Release|Any CPU
		{2D79A3EB-A52E-4858-8867-3ABB17455E6F}.Release|Any CPU.Build.0 = Release|Any CPU
	EndGlobalSection
	GlobalSection(SolutionProperties) = preSolution
		HideSolutionNode = FALSE
	EndGlobalSection
	GlobalSection(ExtensibilityGlobals) = postSolution
		SolutionGuid = {3F6277A3-A222-4E15-AE39-4F1B83D7AB72}
	EndGlobalSection
EndGlobal
